
Microsoft Visual Studio Solution File, Format Version 12.00
# Visual Studio 14
VisualStudioVersion = 14.0.23107.0
MinimumVisualStudioVersion = 10.0.40219.1
Project("{FAE04EC0-301F-11D3-BF4B-00C04F79EFBC}") = "PhaserTypeScript", "PhaserTypeScript\PhaserTypeScript.csproj", "{300D3EE1-0C16-4F21-80E4-8B5995F513DB}"
EndProject
Project("{FAE04EC0-301F-11D3-BF4B-00C04F79EFBC}") = "DronShooter", "DronShooter\DronShooter.csproj", "{A800BF15-F84F-4273-9E9B-F4A5B7CBFD6F}"
EndProject
Project("{E24C65DC-7377-472B-9ABA-BC803B73C61A}") = "RiseAbove-Phaser-Tutorial", "RiseAbove-Phaser-Tutorial\", "{8072BD44-A082-4D5E-90BA-FB360E98F142}"
	ProjectSection(WebsiteProperties) = preProject
		TargetFrameworkMoniker = ".NETFramework,Version%3Dv4.5.2"
		Debug.AspNetCompiler.VirtualPath = "/localhost_61772"
		Debug.AspNetCompiler.PhysicalPath = "RiseAbove-Phaser-Tutorial\"
		Debug.AspNetCompiler.TargetPath = "PrecompiledWeb\localhost_61772\"
		Debug.AspNetCompiler.Updateable = "true"
		Debug.AspNetCompiler.ForceOverwrite = "true"
		Debug.AspNetCompiler.FixedNames = "false"
		Debug.AspNetCompiler.Debug = "True"
		Release.AspNetCompiler.VirtualPath = "/localhost_61772"
		Release.AspNetCompiler.PhysicalPath = "RiseAbove-Phaser-Tutorial\"
		Release.AspNetCompiler.TargetPath = "PrecompiledWeb\localhost_61772\"
		Release.AspNetCompiler.Updateable = "true"
		Release.AspNetCompiler.ForceOverwrite = "true"
		Release.AspNetCompiler.FixedNames = "false"
		Release.AspNetCompiler.Debug = "False"
		VWDPort = "61772"
		SlnRelativePath = "RiseAbove-Phaser-Tutorial\"
		DefaultWebSiteLanguage = "Visual C#"
	EndProjectSection
EndProject
Global
	GlobalSection(SolutionConfigurationPlatforms) = preSolution
		Debug|Any CPU = Debug|Any CPU
		Release|Any CPU = Release|Any CPU
	EndGlobalSection
	GlobalSection(ProjectConfigurationPlatforms) = postSolution
		{300D3EE1-0C16-4F21-80E4-8B5995F513DB}.Debug|Any CPU.ActiveCfg = Debug|Any CPU
		{300D3EE1-0C16-4F21-80E4-8B5995F513DB}.Debug|Any CPU.Build.0 = Debug|Any CPU
		{300D3EE1-0C16-4F21-80E4-8B5995F513DB}.Release|Any CPU.ActiveCfg = Release|Any CPU
		{300D3EE1-0C16-4F21-80E4-8B5995F513DB}.Release|Any CPU.Build.0 = Release|Any CPU
		{A800BF15-F84F-4273-9E9B-F4A5B7CBFD6F}.Debug|Any CPU.ActiveCfg = Debug|Any CPU
		{A800BF15-F84F-4273-9E9B-F4A5B7CBFD6F}.Debug|Any CPU.Build.0 = Debug|Any CPU
		{A800BF15-F84F-4273-9E9B-F4A5B7CBFD6F}.Release|Any CPU.ActiveCfg = Release|Any CPU
		{A800BF15-F84F-4273-9E9B-F4A5B7CBFD6F}.Release|Any CPU.Build.0 = Release|Any CPU
		{8072BD44-A082-4D5E-90BA-FB360E98F142}.Debug|Any CPU.ActiveCfg = Debug|Any CPU
		{8072BD44-A082-4D5E-90BA-FB360E98F142}.Debug|Any CPU.Build.0 = Debug|Any CPU
		{8072BD44-A082-4D5E-90BA-FB360E98F142}.Release|Any CPU.ActiveCfg = Debug|Any CPU
		{8072BD44-A082-4D5E-90BA-FB360E98F142}.Release|Any CPU.Build.0 = Debug|Any CPU
	EndGlobalSection
	GlobalSection(SolutionProperties) = preSolution
		HideSolutionNode = FALSE
	EndGlobalSection
EndGlobal
