{
  "name": "starter-phaser-node-ce",
  "version": "0.0.1",
  "lockfileVersion": 1,
  "requires": true,
  "dependencies": {
    "phaser-ce": {
      "version": "2.9.1",
      "resolved": "https://registry.npmjs.org/phaser-ce/-/phaser-ce-2.9.1.tgz",
      "integrity": "sha1-W8zvndq0vWipviJzXQkYe3uXlng="
    },
    "typescript": {
      "version": "2.5.3",
      "resolved": "https://registry.npmjs.org/typescript/-/typescript-2.5.3.tgz",
      "integrity": "sha512-ptLSQs2S4QuS6/OD1eAKG+S5G8QQtrU5RT32JULdZQtM1L3WTi34Wsu48Yndzi8xsObRAB9RPt/KhA9wlpEF6w==",
      "dev": true
    }
  }
}
